
Microsoft Visual Studio Solution File, Format Version 12.00
# Visual Studio Version 16
VisualStudioVersion = 16.0.30406.217
MinimumVisualStudioVersion = 10.0.40219.1
Project("{FAE04EC0-301F-11D3-BF4B-00C04F79EFBC}") = "WebForms", "WebForms\WebForms.csproj", "{7238875D-7CE4-4886-B0A6-4F6A16D60486}"
EndProject
Project("{2150E333-8FDC-42A3-9474-1A3956D46DE8}") = "Solution Items", "Solution Items", "{0FE31498-0372-42BF-9D8B-B3EB5F2EC94C}"
EndProject
Project("{FAE04EC0-301F-11D3-BF4B-00C04F79EFBC}") = "Negocio", "Negocio\Negocio.csproj", "{BDDF7D69-D305-40A8-97CE-A3283FBB0D85}"
EndProject
Project("{FAE04EC0-301F-11D3-BF4B-00C04F79EFBC}") = "Modelo", "Modelo\Modelo.csproj", "{287C029D-DBFD-4F6C-AE8F-388465AF5039}"
EndProject
Global
	GlobalSection(SolutionConfigurationPlatforms) = preSolution
		Debug|Any CPU = Debug|Any CPU
		Release|Any CPU = Release|Any CPU
	EndGlobalSection
	GlobalSection(ProjectConfigurationPlatforms) = postSolution
		{7238875D-7CE4-4886-B0A6-4F6A16D60486}.Debug|Any CPU.ActiveCfg = Debug|Any CPU
		{7238875D-7CE4-4886-B0A6-4F6A16D60486}.Debug|Any CPU.Build.0 = Debug|Any CPU
		{7238875D-7CE4-4886-B0A6-4F6A16D60486}.Release|Any CPU.ActiveCfg = Release|Any CPU
		{7238875D-7CE4-4886-B0A6-4F6A16D60486}.Release|Any CPU.Build.0 = Release|Any CPU
		{BDDF7D69-D305-40A8-97CE-A3283FBB0D85}.Debug|Any CPU.ActiveCfg = Debug|Any CPU
		{BDDF7D69-D305-40A8-97CE-A3283FBB0D85}.Debug|Any CPU.Build.0 = Debug|Any CPU
		{BDDF7D69-D305-40A8-97CE-A3283FBB0D85}.Release|Any CPU.ActiveCfg = Release|Any CPU
		{BDDF7D69-D305-40A8-97CE-A3283FBB0D85}.Release|Any CPU.Build.0 = Release|Any CPU
		{287C029D-DBFD-4F6C-AE8F-388465AF5039}.Debug|Any CPU.ActiveCfg = Debug|Any CPU
		{287C029D-DBFD-4F6C-AE8F-388465AF5039}.Debug|Any CPU.Build.0 = Debug|Any CPU
		{287C029D-DBFD-4F6C-AE8F-388465AF5039}.Release|Any CPU.ActiveCfg = Release|Any CPU
		{287C029D-DBFD-4F6C-AE8F-388465AF5039}.Release|Any CPU.Build.0 = Release|Any CPU
	EndGlobalSection
	GlobalSection(SolutionProperties) = preSolution
		HideSolutionNode = FALSE
	EndGlobalSection
	GlobalSection(ExtensibilityGlobals) = postSolution
		SolutionGuid = {612EC0DF-5E5D-4BB0-9FF9-69D29F6025FF}
	EndGlobalSection
EndGlobal
